// !$*UTF8*$!
{
	archiveVersion = 1;
	classes = {
	};
	objectVersion = 46;
	objects = {

/* Begin PBXBuildFile section */
		05E80B2391E8D2874A1207CE /* libPods-GroupPurchaseApp.a in Frameworks */ = {isa = PBXBuildFile; fileRef = 1E1C22B3CBB33B273B9CBF03 /* libPods-GroupPurchaseApp.a */; };
		207F42B21DE56C04001A15DF /* FirstLuanchViewController.m in Sources */ = {isa = PBXBuildFile; fileRef = 207F42B11DE56C04001A15DF /* FirstLuanchViewController.m */; };
		209181AB1DE5C6E500D0D27F /* MainCateoryCollectionViewCell.m in Sources */ = {isa = PBXBuildFile; fileRef = 209181A91DE5C6E500D0D27F /* MainCateoryCollectionViewCell.m */; };
		209181AC1DE5C6E500D0D27F /* MainCateoryCollectionViewCell.xib in Resources */ = {isa = PBXBuildFile; fileRef = 209181AA1DE5C6E500D0D27F /* MainCateoryCollectionViewCell.xib */; };
		209181B01DE5D90100D0D27F /* MainVCViewController.m in Sources */ = {isa = PBXBuildFile; fileRef = 209181AE1DE5D90100D0D27F /* MainVCViewController.m */; };
		209181B51DE6001E00D0D27F /* CateoryTableViewCell.m in Sources */ = {isa = PBXBuildFile; fileRef = 209181B31DE6001E00D0D27F /* CateoryTableViewCell.m */; };
		209181B61DE6001E00D0D27F /* CateoryTableViewCell.xib in Resources */ = {isa = PBXBuildFile; fileRef = 209181B41DE6001E00D0D27F /* CateoryTableViewCell.xib */; };
		209181BA1DE609F600D0D27F /* NetApiAndData.m in Sources */ = {isa = PBXBuildFile; fileRef = 209181B91DE609F600D0D27F /* NetApiAndData.m */; };
		209181BD1DE6EDDA00D0D27F /* WebDetailViewController.m in Sources */ = {isa = PBXBuildFile; fileRef = 209181BC1DE6EDDA00D0D27F /* WebDetailViewController.m */; };
		209181C31DE71C5F00D0D27F /* AdvertisingColumn.m in Sources */ = {isa = PBXBuildFile; fileRef = 209181C21DE71C5F00D0D27F /* AdvertisingColumn.m */; };
		209181D71DE7FFA900D0D27F /* NewsViewController.m in Sources */ = {isa = PBXBuildFile; fileRef = 209181D61DE7FFA900D0D27F /* NewsViewController.m */; };
		209181E11DE82EE400D0D27F /* JokeTextCell.m in Sources */ = {isa = PBXBuildFile; fileRef = 209181E01DE82EE400D0D27F /* JokeTextCell.m */; };
		20DEF53A1DDF49D900D4B5FC /* main.m in Sources */ = {isa = PBXBuildFile; fileRef = 20DEF5391DDF49D900D4B5FC /* main.m */; };
		20DEF53D1DDF49D900D4B5FC /* AppDelegate.m in Sources */ = {isa = PBXBuildFile; fileRef = 20DEF53C1DDF49D900D4B5FC /* AppDelegate.m */; };
		20DEF5451DDF49D900D4B5FC /* Assets.xcassets in Resources */ = {isa = PBXBuildFile; fileRef = 20DEF5441DDF49D900D4B5FC /* Assets.xcassets */; };
		20DEF57A1DDF7D1600D4B5FC /* MainNavigationController.m in Sources */ = {isa = PBXBuildFile; fileRef = 20DEF56D1DDF7D1600D4B5FC /* MainNavigationController.m */; };
		20DEF57C1DDF7D1600D4B5FC /* TypePopViewController.m in Sources */ = {isa = PBXBuildFile; fileRef = 20DEF5711DDF7D1600D4B5FC /* TypePopViewController.m */; };
		20DEF57D1DDF7D1600D4B5FC /* MainBarButtonItem.m in Sources */ = {isa = PBXBuildFile; fileRef = 20DEF5751DDF7D1600D4B5FC /* MainBarButtonItem.m */; };
		20DEF57E1DDF7D1600D4B5FC /* MainBarButtonItem.xib in Resources */ = {isa = PBXBuildFile; fileRef = 20DEF5761DDF7D1600D4B5FC /* MainBarButtonItem.xib */; };
		20DEF5861DDF7D8300D4B5FC /* categories.plist in Resources */ = {isa = PBXBuildFile; fileRef = 20DEF5821DDF7D8300D4B5FC /* categories.plist */; };
		20DEF5871DDF7D8300D4B5FC /* cities.plist in Resources */ = {isa = PBXBuildFile; fileRef = 20DEF5831DDF7D8300D4B5FC /* cities.plist */; };
		20DEF5881DDF7D8300D4B5FC /* cityGroups.plist in Resources */ = {isa = PBXBuildFile; fileRef = 20DEF5841DDF7D8300D4B5FC /* cityGroups.plist */; };
		20DEF5891DDF7D8300D4B5FC /* sorts.plist in Resources */ = {isa = PBXBuildFile; fileRef = 20DEF5851DDF7D8300D4B5FC /* sorts.plist */; };
		20DEF5971DDF89FB00D4B5FC /* PopModelView.m in Sources */ = {isa = PBXBuildFile; fileRef = 20DEF5951DDF89FB00D4B5FC /* PopModelView.m */; };
		20DEF5981DDF89FB00D4B5FC /* PopModelView.xib in Resources */ = {isa = PBXBuildFile; fileRef = 20DEF5961DDF89FB00D4B5FC /* PopModelView.xib */; };
		20DEF59B1DDF8E6600D4B5FC /* TypeModel.m in Sources */ = {isa = PBXBuildFile; fileRef = 20DEF59A1DDF8E6600D4B5FC /* TypeModel.m */; };
		20DEF59F1DE00F0500D4B5FC /* AddressPopViewController.m in Sources */ = {isa = PBXBuildFile; fileRef = 20DEF59D1DE00F0500D4B5FC /* AddressPopViewController.m */; };
		20DEF5A01DE00F0500D4B5FC /* AddressPopViewController.xib in Resources */ = {isa = PBXBuildFile; fileRef = 20DEF59E1DE00F0500D4B5FC /* AddressPopViewController.xib */; };
		20DEF5A31DE013D700D4B5FC /* CityGroupsModel.m in Sources */ = {isa = PBXBuildFile; fileRef = 20DEF5A21DE013D700D4B5FC /* CityGroupsModel.m */; };
		20DEF5A71DE0220500D4B5FC /* ChangeCityViewController.m in Sources */ = {isa = PBXBuildFile; fileRef = 20DEF5A51DE0220500D4B5FC /* ChangeCityViewController.m */; };
		20DEF5A81DE0220500D4B5FC /* ChangeCityViewController.xib in Resources */ = {isa = PBXBuildFile; fileRef = 20DEF5A61DE0220500D4B5FC /* ChangeCityViewController.xib */; };
		20DEF5AB1DE0340600D4B5FC /* SearchResultController.m in Sources */ = {isa = PBXBuildFile; fileRef = 20DEF5AA1DE0340600D4B5FC /* SearchResultController.m */; };
		20DEF5AF1DE0378C00D4B5FC /* UIView+AutoLayout.m in Sources */ = {isa = PBXBuildFile; fileRef = 20DEF5AE1DE0378C00D4B5FC /* UIView+AutoLayout.m */; };
		20DEF5B21DE042BB00D4B5FC /* CitiesModel.m in Sources */ = {isa = PBXBuildFile; fileRef = 20DEF5B11DE042BB00D4B5FC /* CitiesModel.m */; };
		20DEF5B91DE08FA800D4B5FC /* DPAPI.m in Sources */ = {isa = PBXBuildFile; fileRef = 20DEF5B51DE08FA800D4B5FC /* DPAPI.m */; };
		20DEF5BA1DE08FA800D4B5FC /* DPRequest.m in Sources */ = {isa = PBXBuildFile; fileRef = 20DEF5B81DE08FA800D4B5FC /* DPRequest.m */; };
		20DEF5BD1DE0C07A00D4B5FC /* CommodityInformationData.m in Sources */ = {isa = PBXBuildFile; fileRef = 20DEF5BC1DE0C07A00D4B5FC /* CommodityInformationData.m */; };
		20DEF5C11DE1A71500D4B5FC /* CommidityCollectionViewCell.m in Sources */ = {isa = PBXBuildFile; fileRef = 20DEF5BF1DE1A71500D4B5FC /* CommidityCollectionViewCell.m */; };
		20DEF5C21DE1A71500D4B5FC /* CommidityCollectionViewCell.xib in Resources */ = {isa = PBXBuildFile; fileRef = 20DEF5C01DE1A71500D4B5FC /* CommidityCollectionViewCell.xib */; };
		20EACF7C1DE1EC4400E29EF5 /* LineThrough.m in Sources */ = {isa = PBXBuildFile; fileRef = 20EACF7B1DE1EC4400E29EF5 /* LineThrough.m */; };
		20EAD0281DE2140A00E29EF5 /* CommodityDetailViewController.m in Sources */ = {isa = PBXBuildFile; fileRef = 20EAD0261DE2140A00E29EF5 /* CommodityDetailViewController.m */; };
		20EAD0291DE2140A00E29EF5 /* CommodityDetailViewController.xib in Resources */ = {isa = PBXBuildFile; fileRef = 20EAD0271DE2140A00E29EF5 /* CommodityDetailViewController.xib */; };
		20EAD0331DE2B44100E29EF5 /* SortTableView.m in Sources */ = {isa = PBXBuildFile; fileRef = 20EAD0321DE2B44100E29EF5 /* SortTableView.m */; };
		20EAD0361DE2B48400E29EF5 /* SortModel.m in Sources */ = {isa = PBXBuildFile; fileRef = 20EAD0351DE2B48400E29EF5 /* SortModel.m */; };
		51BB640C1DE8644E00D9DDD8 /* JokeModel.m in Sources */ = {isa = PBXBuildFile; fileRef = 51BB640B1DE8644E00D9DDD8 /* JokeModel.m */; };
		51BB64111DE89C3700D9DDD8 /* UILabel+Height.m in Sources */ = {isa = PBXBuildFile; fileRef = 51BB64101DE89C3700D9DDD8 /* UILabel+Height.m */; };
		51BB64141DE8A3CA00D9DDD8 /* JokeImageCell.m in Sources */ = {isa = PBXBuildFile; fileRef = 51BB64131DE8A3CA00D9DDD8 /* JokeImageCell.m */; };
		51BB64181DE9458100D9DDD8 /* NewsModel.m in Sources */ = {isa = PBXBuildFile; fileRef = 51BB64171DE9458100D9DDD8 /* NewsModel.m */; };
		51BB641B1DE9593A00D9DDD8 /* NewsCell.m in Sources */ = {isa = PBXBuildFile; fileRef = 51BB641A1DE9593A00D9DDD8 /* NewsCell.m */; };
		51BB64201DE9830700D9DDD8 /* WebViewController.m in Sources */ = {isa = PBXBuildFile; fileRef = 51BB641F1DE9830700D9DDD8 /* WebViewController.m */; };
		51BB64231DE9852100D9DDD8 /* WechatModel.m in Sources */ = {isa = PBXBuildFile; fileRef = 51BB64221DE9852100D9DDD8 /* WechatModel.m */; };
		51BB64261DE988F800D9DDD8 /* WechatCell.m in Sources */ = {isa = PBXBuildFile; fileRef = 51BB64251DE988F800D9DDD8 /* WechatCell.m */; };
		51BB64291DE996D600D9DDD8 /* HistoryTodayModel.m in Sources */ = {isa = PBXBuildFile; fileRef = 51BB64281DE996D600D9DDD8 /* HistoryTodayModel.m */; };
		51BB642C1DE9DAC500D9DDD8 /* HistoryTodayDetailViewController.m in Sources */ = {isa = PBXBuildFile; fileRef = 51BB642B1DE9DAC500D9DDD8 /* HistoryTodayDetailViewController.m */; };
		51BB642F1DE9E0DF00D9DDD8 /* HistoryTodayDetailModel.m in Sources */ = {isa = PBXBuildFile; fileRef = 51BB642E1DE9E0DF00D9DDD8 /* HistoryTodayDetailModel.m */; };
		51BB64341DE9F62D00D9DDD8 /* MeViewController.m in Sources */ = {isa = PBXBuildFile; fileRef = 51BB64331DE9F62D00D9DDD8 /* MeViewController.m */; };
		51BB64371DE9F9D000D9DDD8 /* RootViewController.m in Sources */ = {isa = PBXBuildFile; fileRef = 51BB64361DE9F9D000D9DDD8 /* RootViewController.m */; };
/* End PBXBuildFile section */

/* Begin PBXFileReference section */
		1E1C22B3CBB33B273B9CBF03 /* libPods-GroupPurchaseApp.a */ = {isa = PBXFileReference; explicitFileType = archive.ar; includeInIndex = 0; path = "libPods-GroupPurchaseApp.a"; sourceTree = BUILT_PRODUCTS_DIR; };
		207F42B01DE56C04001A15DF /* FirstLuanchViewController.h */ = {isa = PBXFileReference; fileEncoding = 4; lastKnownFileType = sourcecode.c.h; path = FirstLuanchViewController.h; sourceTree = "<group>"; };
		207F42B11DE56C04001A15DF /* FirstLuanchViewController.m */ = {isa = PBXFileReference; fileEncoding = 4; lastKnownFileType = sourcecode.c.objc; path = FirstLuanchViewController.m; sourceTree = "<group>"; };
		209181A81DE5C6E500D0D27F /* MainCateoryCollectionViewCell.h */ = {isa = PBXFileReference; fileEncoding = 4; lastKnownFileType = sourcecode.c.h; path = MainCateoryCollectionViewCell.h; sourceTree = "<group>"; };
		209181A91DE5C6E500D0D27F /* MainCateoryCollectionViewCell.m */ = {isa = PBXFileReference; fileEncoding = 4; lastKnownFileType = sourcecode.c.objc; path = MainCateoryCollectionViewCell.m; sourceTree = "<group>"; };
		209181AA1DE5C6E500D0D27F /* MainCateoryCollectionViewCell.xib */ = {isa = PBXFileReference; fileEncoding = 4; lastKnownFileType = file.xib; path = MainCateoryCollectionViewCell.xib; sourceTree = "<group>"; };
		209181AD1DE5D90100D0D27F /* MainVCViewController.h */ = {isa = PBXFileReference; fileEncoding = 4; lastKnownFileType = sourcecode.c.h; path = MainVCViewController.h; sourceTree = "<group>"; };
		209181AE1DE5D90100D0D27F /* MainVCViewController.m */ = {isa = PBXFileReference; fileEncoding = 4; lastKnownFileType = sourcecode.c.objc; path = MainVCViewController.m; sourceTree = "<group>"; };
		209181B21DE6001E00D0D27F /* CateoryTableViewCell.h */ = {isa = PBXFileReference; fileEncoding = 4; lastKnownFileType = sourcecode.c.h; path = CateoryTableViewCell.h; sourceTree = "<group>"; };
		209181B31DE6001E00D0D27F /* CateoryTableViewCell.m */ = {isa = PBXFileReference; fileEncoding = 4; lastKnownFileType = sourcecode.c.objc; path = CateoryTableViewCell.m; sourceTree = "<group>"; };
		209181B41DE6001E00D0D27F /* CateoryTableViewCell.xib */ = {isa = PBXFileReference; fileEncoding = 4; lastKnownFileType = file.xib; path = CateoryTableViewCell.xib; sourceTree = "<group>"; };
		209181B81DE609F600D0D27F /* NetApiAndData.h */ = {isa = PBXFileReference; fileEncoding = 4; lastKnownFileType = sourcecode.c.h; path = NetApiAndData.h; sourceTree = "<group>"; };
		209181B91DE609F600D0D27F /* NetApiAndData.m */ = {isa = PBXFileReference; fileEncoding = 4; lastKnownFileType = sourcecode.c.objc; path = NetApiAndData.m; sourceTree = "<group>"; };
		209181BB1DE6EDDA00D0D27F /* WebDetailViewController.h */ = {isa = PBXFileReference; fileEncoding = 4; lastKnownFileType = sourcecode.c.h; path = WebDetailViewController.h; sourceTree = "<group>"; };
		209181BC1DE6EDDA00D0D27F /* WebDetailViewController.m */ = {isa = PBXFileReference; fileEncoding = 4; lastKnownFileType = sourcecode.c.objc; path = WebDetailViewController.m; sourceTree = "<group>"; };
		209181C11DE71C5F00D0D27F /* AdvertisingColumn.h */ = {isa = PBXFileReference; fileEncoding = 4; lastKnownFileType = sourcecode.c.h; name = AdvertisingColumn.h; path = ../Controller/AdvertisingColumn.h; sourceTree = "<group>"; };
		209181C21DE71C5F00D0D27F /* AdvertisingColumn.m */ = {isa = PBXFileReference; fileEncoding = 4; lastKnownFileType = sourcecode.c.objc; name = AdvertisingColumn.m; path = ../Controller/AdvertisingColumn.m; sourceTree = "<group>"; };
		209181D51DE7FFA900D0D27F /* NewsViewController.h */ = {isa = PBXFileReference; fileEncoding = 4; lastKnownFileType = sourcecode.c.h; path = NewsViewController.h; sourceTree = "<group>"; };
		209181D61DE7FFA900D0D27F /* NewsViewController.m */ = {isa = PBXFileReference; fileEncoding = 4; lastKnownFileType = sourcecode.c.objc; path = NewsViewController.m; sourceTree = "<group>"; };
		209181D91DE809E900D0D27F /* GroupPurchaseAppHeader.h */ = {isa = PBXFileReference; lastKnownFileType = sourcecode.c.h; path = GroupPurchaseAppHeader.h; sourceTree = "<group>"; };
		209181DF1DE82EE400D0D27F /* JokeTextCell.h */ = {isa = PBXFileReference; fileEncoding = 4; lastKnownFileType = sourcecode.c.h; path = JokeTextCell.h; sourceTree = "<group>"; };
		209181E01DE82EE400D0D27F /* JokeTextCell.m */ = {isa = PBXFileReference; fileEncoding = 4; lastKnownFileType = sourcecode.c.objc; path = JokeTextCell.m; sourceTree = "<group>"; };
		20DEF5351DDF49D900D4B5FC /* GroupPurchaseApp.app */ = {isa = PBXFileReference; explicitFileType = wrapper.application; includeInIndex = 0; path = GroupPurchaseApp.app; sourceTree = BUILT_PRODUCTS_DIR; };
		20DEF5391DDF49D900D4B5FC /* main.m */ = {isa = PBXFileReference; lastKnownFileType = sourcecode.c.objc; path = main.m; sourceTree = "<group>"; };
		20DEF53B1DDF49D900D4B5FC /* AppDelegate.h */ = {isa = PBXFileReference; lastKnownFileType = sourcecode.c.h; path = AppDelegate.h; sourceTree = "<group>"; };
		20DEF53C1DDF49D900D4B5FC /* AppDelegate.m */ = {isa = PBXFileReference; lastKnownFileType = sourcecode.c.objc; path = AppDelegate.m; sourceTree = "<group>"; };
		20DEF5441DDF49D900D4B5FC /* Assets.xcassets */ = {isa = PBXFileReference; lastKnownFileType = folder.assetcatalog; path = Assets.xcassets; sourceTree = "<group>"; };
		20DEF5491DDF49D900D4B5FC /* Info.plist */ = {isa = PBXFileReference; lastKnownFileType = text.plist.xml; path = Info.plist; sourceTree = "<group>"; };
		20DEF56C1DDF7D1600D4B5FC /* MainNavigationController.h */ = {isa = PBXFileReference; fileEncoding = 4; lastKnownFileType = sourcecode.c.h; path = MainNavigationController.h; sourceTree = "<group>"; };
		20DEF56D1DDF7D1600D4B5FC /* MainNavigationController.m */ = {isa = PBXFileReference; fileEncoding = 4; lastKnownFileType = sourcecode.c.objc; path = MainNavigationController.m; sourceTree = "<group>"; };
		20DEF5701DDF7D1600D4B5FC /* TypePopViewController.h */ = {isa = PBXFileReference; fileEncoding = 4; lastKnownFileType = sourcecode.c.h; path = TypePopViewController.h; sourceTree = "<group>"; };
		20DEF5711DDF7D1600D4B5FC /* TypePopViewController.m */ = {isa = PBXFileReference; fileEncoding = 4; lastKnownFileType = sourcecode.c.objc; path = TypePopViewController.m; sourceTree = "<group>"; };
		20DEF5741DDF7D1600D4B5FC /* MainBarButtonItem.h */ = {isa = PBXFileReference; fileEncoding = 4; lastKnownFileType = sourcecode.c.h; path = MainBarButtonItem.h; sourceTree = "<group>"; };
		20DEF5751DDF7D1600D4B5FC /* MainBarButtonItem.m */ = {isa = PBXFileReference; fileEncoding = 4; lastKnownFileType = sourcecode.c.objc; path = MainBarButtonItem.m; sourceTree = "<group>"; };
		20DEF5761DDF7D1600D4B5FC /* MainBarButtonItem.xib */ = {isa = PBXFileReference; fileEncoding = 4; lastKnownFileType = file.xib; path = MainBarButtonItem.xib; sourceTree = "<group>"; };
		20DEF5821DDF7D8300D4B5FC /* categories.plist */ = {isa = PBXFileReference; fileEncoding = 4; lastKnownFileType = text.plist.xml; path = categories.plist; sourceTree = "<group>"; };
		20DEF5831DDF7D8300D4B5FC /* cities.plist */ = {isa = PBXFileReference; fileEncoding = 4; lastKnownFileType = text.plist.xml; path = cities.plist; sourceTree = "<group>"; };
		20DEF5841DDF7D8300D4B5FC /* cityGroups.plist */ = {isa = PBXFileReference; fileEncoding = 4; lastKnownFileType = text.plist.xml; path = cityGroups.plist; sourceTree = "<group>"; };
		20DEF5851DDF7D8300D4B5FC /* sorts.plist */ = {isa = PBXFileReference; fileEncoding = 4; lastKnownFileType = text.plist.xml; path = sorts.plist; sourceTree = "<group>"; };
		20DEF5941DDF89FB00D4B5FC /* PopModelView.h */ = {isa = PBXFileReference; fileEncoding = 4; lastKnownFileType = sourcecode.c.h; path = PopModelView.h; sourceTree = "<group>"; };
		20DEF5951DDF89FB00D4B5FC /* PopModelView.m */ = {isa = PBXFileReference; fileEncoding = 4; lastKnownFileType = sourcecode.c.objc; path = PopModelView.m; sourceTree = "<group>"; };
		20DEF5961DDF89FB00D4B5FC /* PopModelView.xib */ = {isa = PBXFileReference; fileEncoding = 4; lastKnownFileType = file.xib; path = PopModelView.xib; sourceTree = "<group>"; };
		20DEF5991DDF8E6600D4B5FC /* TypeModel.h */ = {isa = PBXFileReference; fileEncoding = 4; lastKnownFileType = sourcecode.c.h; path = TypeModel.h; sourceTree = "<group>"; };
		20DEF59A1DDF8E6600D4B5FC /* TypeModel.m */ = {isa = PBXFileReference; fileEncoding = 4; lastKnownFileType = sourcecode.c.objc; path = TypeModel.m; sourceTree = "<group>"; };
		20DEF59C1DE00F0500D4B5FC /* AddressPopViewController.h */ = {isa = PBXFileReference; fileEncoding = 4; lastKnownFileType = sourcecode.c.h; path = AddressPopViewController.h; sourceTree = "<group>"; };
		20DEF59D1DE00F0500D4B5FC /* AddressPopViewController.m */ = {isa = PBXFileReference; fileEncoding = 4; lastKnownFileType = sourcecode.c.objc; path = AddressPopViewController.m; sourceTree = "<group>"; };
		20DEF59E1DE00F0500D4B5FC /* AddressPopViewController.xib */ = {isa = PBXFileReference; fileEncoding = 4; lastKnownFileType = file.xib; path = AddressPopViewController.xib; sourceTree = "<group>"; };
		20DEF5A11DE013D700D4B5FC /* CityGroupsModel.h */ = {isa = PBXFileReference; fileEncoding = 4; lastKnownFileType = sourcecode.c.h; path = CityGroupsModel.h; sourceTree = "<group>"; };
		20DEF5A21DE013D700D4B5FC /* CityGroupsModel.m */ = {isa = PBXFileReference; fileEncoding = 4; lastKnownFileType = sourcecode.c.objc; path = CityGroupsModel.m; sourceTree = "<group>"; };
		20DEF5A41DE0220500D4B5FC /* ChangeCityViewController.h */ = {isa = PBXFileReference; fileEncoding = 4; lastKnownFileType = sourcecode.c.h; path = ChangeCityViewController.h; sourceTree = "<group>"; };
		20DEF5A51DE0220500D4B5FC /* ChangeCityViewController.m */ = {isa = PBXFileReference; fileEncoding = 4; lastKnownFileType = sourcecode.c.objc; path = ChangeCityViewController.m; sourceTree = "<group>"; };
		20DEF5A61DE0220500D4B5FC /* ChangeCityViewController.xib */ = {isa = PBXFileReference; fileEncoding = 4; lastKnownFileType = file.xib; path = ChangeCityViewController.xib; sourceTree = "<group>"; };
		20DEF5A91DE0340600D4B5FC /* SearchResultController.h */ = {isa = PBXFileReference; fileEncoding = 4; lastKnownFileType = sourcecode.c.h; path = SearchResultController.h; sourceTree = "<group>"; };
		20DEF5AA1DE0340600D4B5FC /* SearchResultController.m */ = {isa = PBXFileReference; fileEncoding = 4; lastKnownFileType = sourcecode.c.objc; path = SearchResultController.m; sourceTree = "<group>"; };
		20DEF5AD1DE0378C00D4B5FC /* UIView+AutoLayout.h */ = {isa = PBXFileReference; fileEncoding = 4; lastKnownFileType = sourcecode.c.h; path = "UIView+AutoLayout.h"; sourceTree = "<group>"; };
		20DEF5AE1DE0378C00D4B5FC /* UIView+AutoLayout.m */ = {isa = PBXFileReference; fileEncoding = 4; lastKnownFileType = sourcecode.c.objc; path = "UIView+AutoLayout.m"; sourceTree = "<group>"; };
		20DEF5B01DE042BB00D4B5FC /* CitiesModel.h */ = {isa = PBXFileReference; fileEncoding = 4; lastKnownFileType = sourcecode.c.h; path = CitiesModel.h; sourceTree = "<group>"; };
		20DEF5B11DE042BB00D4B5FC /* CitiesModel.m */ = {isa = PBXFileReference; fileEncoding = 4; lastKnownFileType = sourcecode.c.objc; path = CitiesModel.m; sourceTree = "<group>"; };
		20DEF5B41DE08FA800D4B5FC /* DPAPI.h */ = {isa = PBXFileReference; fileEncoding = 4; lastKnownFileType = sourcecode.c.h; path = DPAPI.h; sourceTree = "<group>"; };
		20DEF5B51DE08FA800D4B5FC /* DPAPI.m */ = {isa = PBXFileReference; fileEncoding = 4; lastKnownFileType = sourcecode.c.objc; path = DPAPI.m; sourceTree = "<group>"; };
		20DEF5B61DE08FA800D4B5FC /* DPConstants.h */ = {isa = PBXFileReference; fileEncoding = 4; lastKnownFileType = sourcecode.c.h; path = DPConstants.h; sourceTree = "<group>"; };
		20DEF5B71DE08FA800D4B5FC /* DPRequest.h */ = {isa = PBXFileReference; fileEncoding = 4; lastKnownFileType = sourcecode.c.h; path = DPRequest.h; sourceTree = "<group>"; };
		20DEF5B81DE08FA800D4B5FC /* DPRequest.m */ = {isa = PBXFileReference; fileEncoding = 4; lastKnownFileType = sourcecode.c.objc; path = DPRequest.m; sourceTree = "<group>"; };
		20DEF5BB1DE0C07A00D4B5FC /* CommodityInformationData.h */ = {isa = PBXFileReference; fileEncoding = 4; lastKnownFileType = sourcecode.c.h; path = CommodityInformationData.h; sourceTree = "<group>"; };
		20DEF5BC1DE0C07A00D4B5FC /* CommodityInformationData.m */ = {isa = PBXFileReference; fileEncoding = 4; lastKnownFileType = sourcecode.c.objc; path = CommodityInformationData.m; sourceTree = "<group>"; };
		20DEF5BE1DE1A71500D4B5FC /* CommidityCollectionViewCell.h */ = {isa = PBXFileReference; fileEncoding = 4; lastKnownFileType = sourcecode.c.h; path = CommidityCollectionViewCell.h; sourceTree = "<group>"; };
		20DEF5BF1DE1A71500D4B5FC /* CommidityCollectionViewCell.m */ = {isa = PBXFileReference; fileEncoding = 4; lastKnownFileType = sourcecode.c.objc; path = CommidityCollectionViewCell.m; sourceTree = "<group>"; };
		20DEF5C01DE1A71500D4B5FC /* CommidityCollectionViewCell.xib */ = {isa = PBXFileReference; fileEncoding = 4; lastKnownFileType = file.xib; path = CommidityCollectionViewCell.xib; sourceTree = "<group>"; };
		20EACF7A1DE1EC4400E29EF5 /* LineThrough.h */ = {isa = PBXFileReference; fileEncoding = 4; lastKnownFileType = sourcecode.c.h; path = LineThrough.h; sourceTree = "<group>"; };
		20EACF7B1DE1EC4400E29EF5 /* LineThrough.m */ = {isa = PBXFileReference; fileEncoding = 4; lastKnownFileType = sourcecode.c.objc; path = LineThrough.m; sourceTree = "<group>"; };
		20EAD0251DE2140A00E29EF5 /* CommodityDetailViewController.h */ = {isa = PBXFileReference; fileEncoding = 4; lastKnownFileType = sourcecode.c.h; path = CommodityDetailViewController.h; sourceTree = "<group>"; };
		20EAD0261DE2140A00E29EF5 /* CommodityDetailViewController.m */ = {isa = PBXFileReference; fileEncoding = 4; lastKnownFileType = sourcecode.c.objc; path = CommodityDetailViewController.m; sourceTree = "<group>"; };
		20EAD0271DE2140A00E29EF5 /* CommodityDetailViewController.xib */ = {isa = PBXFileReference; fileEncoding = 4; lastKnownFileType = file.xib; path = CommodityDetailViewController.xib; sourceTree = "<group>"; };
		20EAD0311DE2B44100E29EF5 /* SortTableView.h */ = {isa = PBXFileReference; fileEncoding = 4; lastKnownFileType = sourcecode.c.h; path = SortTableView.h; sourceTree = "<group>"; };
		20EAD0321DE2B44100E29EF5 /* SortTableView.m */ = {isa = PBXFileReference; fileEncoding = 4; lastKnownFileType = sourcecode.c.objc; path = SortTableView.m; sourceTree = "<group>"; };
		20EAD0341DE2B48400E29EF5 /* SortModel.h */ = {isa = PBXFileReference; fileEncoding = 4; lastKnownFileType = sourcecode.c.h; path = SortModel.h; sourceTree = "<group>"; };
		20EAD0351DE2B48400E29EF5 /* SortModel.m */ = {isa = PBXFileReference; fileEncoding = 4; lastKnownFileType = sourcecode.c.objc; path = SortModel.m; sourceTree = "<group>"; };
		51BB640A1DE8644E00D9DDD8 /* JokeModel.h */ = {isa = PBXFileReference; fileEncoding = 4; lastKnownFileType = sourcecode.c.h; path = JokeModel.h; sourceTree = "<group>"; };
		51BB640B1DE8644E00D9DDD8 /* JokeModel.m */ = {isa = PBXFileReference; fileEncoding = 4; lastKnownFileType = sourcecode.c.objc; path = JokeModel.m; sourceTree = "<group>"; };
		51BB640F1DE89C3700D9DDD8 /* UILabel+Height.h */ = {isa = PBXFileReference; fileEncoding = 4; lastKnownFileType = sourcecode.c.h; path = "UILabel+Height.h"; sourceTree = "<group>"; };
		51BB64101DE89C3700D9DDD8 /* UILabel+Height.m */ = {isa = PBXFileReference; fileEncoding = 4; lastKnownFileType = sourcecode.c.objc; path = "UILabel+Height.m"; sourceTree = "<group>"; };
		51BB64121DE8A3CA00D9DDD8 /* JokeImageCell.h */ = {isa = PBXFileReference; fileEncoding = 4; lastKnownFileType = sourcecode.c.h; path = JokeImageCell.h; sourceTree = "<group>"; };
		51BB64131DE8A3CA00D9DDD8 /* JokeImageCell.m */ = {isa = PBXFileReference; fileEncoding = 4; lastKnownFileType = sourcecode.c.objc; path = JokeImageCell.m; sourceTree = "<group>"; };
		51BB64161DE9458100D9DDD8 /* NewsModel.h */ = {isa = PBXFileReference; fileEncoding = 4; lastKnownFileType = sourcecode.c.h; path = NewsModel.h; sourceTree = "<group>"; };
		51BB64171DE9458100D9DDD8 /* NewsModel.m */ = {isa = PBXFileReference; fileEncoding = 4; lastKnownFileType = sourcecode.c.objc; path = NewsModel.m; sourceTree = "<group>"; };
		51BB64191DE9593A00D9DDD8 /* NewsCell.h */ = {isa = PBXFileReference; fileEncoding = 4; lastKnownFileType = sourcecode.c.h; path = NewsCell.h; sourceTree = "<group>"; };
		51BB641A1DE9593A00D9DDD8 /* NewsCell.m */ = {isa = PBXFileReference; fileEncoding = 4; lastKnownFileType = sourcecode.c.objc; path = NewsCell.m; sourceTree = "<group>"; };
		51BB641E1DE9830700D9DDD8 /* WebViewController.h */ = {isa = PBXFileReference; fileEncoding = 4; lastKnownFileType = sourcecode.c.h; path = WebViewController.h; sourceTree = "<group>"; };
		51BB641F1DE9830700D9DDD8 /* WebViewController.m */ = {isa = PBXFileReference; fileEncoding = 4; lastKnownFileType = sourcecode.c.objc; path = WebViewController.m; sourceTree = "<group>"; };
		51BB64211DE9852100D9DDD8 /* WechatModel.h */ = {isa = PBXFileReference; fileEncoding = 4; lastKnownFileType = sourcecode.c.h; path = WechatModel.h; sourceTree = "<group>"; };
		51BB64221DE9852100D9DDD8 /* WechatModel.m */ = {isa = PBXFileReference; fileEncoding = 4; lastKnownFileType = sourcecode.c.objc; path = WechatModel.m; sourceTree = "<group>"; };
		51BB64241DE988F800D9DDD8 /* WechatCell.h */ = {isa = PBXFileReference; fileEncoding = 4; lastKnownFileType = sourcecode.c.h; path = WechatCell.h; sourceTree = "<group>"; };
		51BB64251DE988F800D9DDD8 /* WechatCell.m */ = {isa = PBXFileReference; fileEncoding = 4; lastKnownFileType = sourcecode.c.objc; path = WechatCell.m; sourceTree = "<group>"; };
		51BB64271DE996D600D9DDD8 /* HistoryTodayModel.h */ = {isa = PBXFileReference; fileEncoding = 4; lastKnownFileType = sourcecode.c.h; path = HistoryTodayModel.h; sourceTree = "<group>"; };
		51BB64281DE996D600D9DDD8 /* HistoryTodayModel.m */ = {isa = PBXFileReference; fileEncoding = 4; lastKnownFileType = sourcecode.c.objc; path = HistoryTodayModel.m; sourceTree = "<group>"; };
		51BB642A1DE9DAC500D9DDD8 /* HistoryTodayDetailViewController.h */ = {isa = PBXFileReference; fileEncoding = 4; lastKnownFileType = sourcecode.c.h; path = HistoryTodayDetailViewController.h; sourceTree = "<group>"; };
		51BB642B1DE9DAC500D9DDD8 /* HistoryTodayDetailViewController.m */ = {isa = PBXFileReference; fileEncoding = 4; lastKnownFileType = sourcecode.c.objc; path = HistoryTodayDetailViewController.m; sourceTree = "<group>"; };
		51BB642D1DE9E0DF00D9DDD8 /* HistoryTodayDetailModel.h */ = {isa = PBXFileReference; fileEncoding = 4; lastKnownFileType = sourcecode.c.h; path = HistoryTodayDetailModel.h; sourceTree = "<group>"; };
		51BB642E1DE9E0DF00D9DDD8 /* HistoryTodayDetailModel.m */ = {isa = PBXFileReference; fileEncoding = 4; lastKnownFileType = sourcecode.c.objc; path = HistoryTodayDetailModel.m; sourceTree = "<group>"; };
		51BB64321DE9F62D00D9DDD8 /* MeViewController.h */ = {isa = PBXFileReference; fileEncoding = 4; lastKnownFileType = sourcecode.c.h; path = MeViewController.h; sourceTree = "<group>"; };
		51BB64331DE9F62D00D9DDD8 /* MeViewController.m */ = {isa = PBXFileReference; fileEncoding = 4; lastKnownFileType = sourcecode.c.objc; path = MeViewController.m; sourceTree = "<group>"; };
		51BB64351DE9F9D000D9DDD8 /* RootViewController.h */ = {isa = PBXFileReference; fileEncoding = 4; lastKnownFileType = sourcecode.c.h; path = RootViewController.h; sourceTree = "<group>"; };
		51BB64361DE9F9D000D9DDD8 /* RootViewController.m */ = {isa = PBXFileReference; fileEncoding = 4; lastKnownFileType = sourcecode.c.objc; path = RootViewController.m; sourceTree = "<group>"; };
		C9D420652FF15EBD9DA00848 /* Pods-GroupPurchaseApp.debug.xcconfig */ = {isa = PBXFileReference; includeInIndex = 1; lastKnownFileType = text.xcconfig; name = "Pods-GroupPurchaseApp.debug.xcconfig"; path = "Pods/Target Support Files/Pods-GroupPurchaseApp/Pods-GroupPurchaseApp.debug.xcconfig"; sourceTree = "<group>"; };
		F69067418BAAF58AD2D0579A /* Pods-GroupPurchaseApp.release.xcconfig */ = {isa = PBXFileReference; includeInIndex = 1; lastKnownFileType = text.xcconfig; name = "Pods-GroupPurchaseApp.release.xcconfig"; path = "Pods/Target Support Files/Pods-GroupPurchaseApp/Pods-GroupPurchaseApp.release.xcconfig"; sourceTree = "<group>"; };
/* End PBXFileReference section */

/* Begin PBXFrameworksBuildPhase section */
		20DEF5321DDF49D900D4B5FC /* Frameworks */ = {
			isa = PBXFrameworksBuildPhase;
			buildActionMask = 2147483647;
			files = (
				05E80B2391E8D2874A1207CE /* libPods-GroupPurchaseApp.a in Frameworks */,
			);
			runOnlyForDeploymentPostprocessing = 0;
		};
/* End PBXFrameworksBuildPhase section */

/* Begin PBXGroup section */
		112D86F14BF58E946FB34138 /* Frameworks */ = {
			isa = PBXGroup;
			children = (
				1E1C22B3CBB33B273B9CBF03 /* libPods-GroupPurchaseApp.a */,
			);
			name = Frameworks;
			sourceTree = "<group>";
		};
		209181B71DE609BB00D0D27F /* Net */ = {
			isa = PBXGroup;
			children = (
				209181B81DE609F600D0D27F /* NetApiAndData.h */,
				209181B91DE609F600D0D27F /* NetApiAndData.m */,
			);
			name = Net;
			path = View;
			sourceTree = "<group>";
		};
		209181BE1DE7193400D0D27F /* FirstView */ = {
			isa = PBXGroup;
			children = (
				20EAD02D1DE2B37100E29EF5 /* categoryItem */,
				20EAD02C1DE2B36F00E29EF5 /* cityItem */,
				20EAD0301DE2B3E300E29EF5 /* sortItem */,
				20DEF56C1DDF7D1600D4B5FC /* MainNavigationController.h */,
				20DEF56D1DDF7D1600D4B5FC /* MainNavigationController.m */,
				209181AD1DE5D90100D0D27F /* MainVCViewController.h */,
				209181AE1DE5D90100D0D27F /* MainVCViewController.m */,
				20EAD0251DE2140A00E29EF5 /* CommodityDetailViewController.h */,
				20EAD0261DE2140A00E29EF5 /* CommodityDetailViewController.m */,
				20EAD0271DE2140A00E29EF5 /* CommodityDetailViewController.xib */,
				209181BB1DE6EDDA00D0D27F /* WebDetailViewController.h */,
				209181BC1DE6EDDA00D0D27F /* WebDetailViewController.m */,
			);
			name = FirstView;
			sourceTree = "<group>";
		};
		209181C01DE7196A00D0D27F /* scondView */ = {
			isa = PBXGroup;
			children = (
				209181D51DE7FFA900D0D27F /* NewsViewController.h */,
				209181D61DE7FFA900D0D27F /* NewsViewController.m */,
				51BB641E1DE9830700D9DDD8 /* WebViewController.h */,
				51BB641F1DE9830700D9DDD8 /* WebViewController.m */,
				51BB642A1DE9DAC500D9DDD8 /* HistoryTodayDetailViewController.h */,
				51BB642B1DE9DAC500D9DDD8 /* HistoryTodayDetailViewController.m */,
			);
			name = scondView;
			sourceTree = "<group>";
		};
		209181C41DE71CCC00D0D27F /* firstControllerView */ = {
			isa = PBXGroup;
			children = (
				20DEF5741DDF7D1600D4B5FC /* MainBarButtonItem.h */,
				20DEF5751DDF7D1600D4B5FC /* MainBarButtonItem.m */,
				20DEF5761DDF7D1600D4B5FC /* MainBarButtonItem.xib */,
				209181A81DE5C6E500D0D27F /* MainCateoryCollectionViewCell.h */,
				209181A91DE5C6E500D0D27F /* MainCateoryCollectionViewCell.m */,
				209181AA1DE5C6E500D0D27F /* MainCateoryCollectionViewCell.xib */,
				209181B21DE6001E00D0D27F /* CateoryTableViewCell.h */,
				209181B31DE6001E00D0D27F /* CateoryTableViewCell.m */,
				209181B41DE6001E00D0D27F /* CateoryTableViewCell.xib */,
				20DEF5941DDF89FB00D4B5FC /* PopModelView.h */,
				20DEF5951DDF89FB00D4B5FC /* PopModelView.m */,
				20DEF5961DDF89FB00D4B5FC /* PopModelView.xib */,
				20DEF5BE1DE1A71500D4B5FC /* CommidityCollectionViewCell.h */,
				20DEF5BF1DE1A71500D4B5FC /* CommidityCollectionViewCell.m */,
				20DEF5C01DE1A71500D4B5FC /* CommidityCollectionViewCell.xib */,
				20EACF7A1DE1EC4400E29EF5 /* LineThrough.h */,
				20EACF7B1DE1EC4400E29EF5 /* LineThrough.m */,
			);
			name = firstControllerView;
			sourceTree = "<group>";
		};
		209181C61DE71D0C00D0D27F /* secondControllerView */ = {
			isa = PBXGroup;
			children = (
				209181C11DE71C5F00D0D27F /* AdvertisingColumn.h */,
				209181C21DE71C5F00D0D27F /* AdvertisingColumn.m */,
				209181DF1DE82EE400D0D27F /* JokeTextCell.h */,
				209181E01DE82EE400D0D27F /* JokeTextCell.m */,
				51BB64121DE8A3CA00D9DDD8 /* JokeImageCell.h */,
				51BB64131DE8A3CA00D9DDD8 /* JokeImageCell.m */,
				51BB64191DE9593A00D9DDD8 /* NewsCell.h */,
				51BB641A1DE9593A00D9DDD8 /* NewsCell.m */,
				51BB64241DE988F800D9DDD8 /* WechatCell.h */,
				51BB64251DE988F800D9DDD8 /* WechatCell.m */,
			);
			name = secondControllerView;
			sourceTree = "<group>";
		};
		20DEF52C1DDF49D900D4B5FC = {
			isa = PBXGroup;
			children = (
				20DEF5371DDF49D900D4B5FC /* GroupPurchaseApp */,
				20DEF5361DDF49D900D4B5FC /* Products */,
				112D86F14BF58E946FB34138 /* Frameworks */,
				4D7BD004916D16566A3603F9 /* Pods */,
			);
			sourceTree = "<group>";
		};
		20DEF5361DDF49D900D4B5FC /* Products */ = {
			isa = PBXGroup;
			children = (
				20DEF5351DDF49D900D4B5FC /* GroupPurchaseApp.app */,
			);
			name = Products;
			sourceTree = "<group>";
		};
		20DEF5371DDF49D900D4B5FC /* GroupPurchaseApp */ = {
			isa = PBXGroup;
			children = (
				20EAD02B1DE2B32000E29EF5 /* Third */,
				20DEF56B1DDF7D1600D4B5FC /* Controller */,
				20DEF5721DDF7D1600D4B5FC /* Model */,
				209181B71DE609BB00D0D27F /* Net */,
				20DEF5731DDF7D1600D4B5FC /* View */,
				20DEF53B1DDF49D900D4B5FC /* AppDelegate.h */,
				20DEF53C1DDF49D900D4B5FC /* AppDelegate.m */,
				209181D91DE809E900D0D27F /* GroupPurchaseAppHeader.h */,
				20DEF5441DDF49D900D4B5FC /* Assets.xcassets */,
				20DEF5381DDF49D900D4B5FC /* Supporting Files */,
			);
			path = GroupPurchaseApp;
			sourceTree = "<group>";
		};
		20DEF5381DDF49D900D4B5FC /* Supporting Files */ = {
			isa = PBXGroup;
			children = (
				20DEF5811DDF7D8300D4B5FC /* PlistData */,
				20DEF5391DDF49D900D4B5FC /* main.m */,
				20DEF5491DDF49D900D4B5FC /* Info.plist */,
			);
			name = "Supporting Files";
			sourceTree = "<group>";
		};
		20DEF56B1DDF7D1600D4B5FC /* Controller */ = {
			isa = PBXGroup;
			children = (
				209181BE1DE7193400D0D27F /* FirstView */,
				209181C01DE7196A00D0D27F /* scondView */,
				51BB64311DE9F5EF00D9DDD8 /* meView */,
				207F42B01DE56C04001A15DF /* FirstLuanchViewController.h */,
				207F42B11DE56C04001A15DF /* FirstLuanchViewController.m */,
				51BB64351DE9F9D000D9DDD8 /* RootViewController.h */,
				51BB64361DE9F9D000D9DDD8 /* RootViewController.m */,
			);
			path = Controller;
			sourceTree = "<group>";
		};
		20DEF5721DDF7D1600D4B5FC /* Model */ = {
			isa = PBXGroup;
			children = (
				51BB640D1DE8645600D9DDD8 /* firstView */,
				51BB640A1DE8644E00D9DDD8 /* JokeModel.h */,
				51BB640B1DE8644E00D9DDD8 /* JokeModel.m */,
				51BB64161DE9458100D9DDD8 /* NewsModel.h */,
				51BB64171DE9458100D9DDD8 /* NewsModel.m */,
				51BB64211DE9852100D9DDD8 /* WechatModel.h */,
				51BB64221DE9852100D9DDD8 /* WechatModel.m */,
				51BB64271DE996D600D9DDD8 /* HistoryTodayModel.h */,
				51BB64281DE996D600D9DDD8 /* HistoryTodayModel.m */,
				51BB642D1DE9E0DF00D9DDD8 /* HistoryTodayDetailModel.h */,
				51BB642E1DE9E0DF00D9DDD8 /* HistoryTodayDetailModel.m */,
			);
			path = Model;
			sourceTree = "<group>";
		};
		20DEF5731DDF7D1600D4B5FC /* View */ = {
			isa = PBXGroup;
			children = (
				209181C61DE71D0C00D0D27F /* secondControllerView */,
				209181C41DE71CCC00D0D27F /* firstControllerView */,
			);
			path = View;
			sourceTree = "<group>";
		};
		20DEF5811DDF7D8300D4B5FC /* PlistData */ = {
			isa = PBXGroup;
			children = (
				20DEF5821DDF7D8300D4B5FC /* categories.plist */,
				20DEF5831DDF7D8300D4B5FC /* cities.plist */,
				20DEF5841DDF7D8300D4B5FC /* cityGroups.plist */,
				20DEF5851DDF7D8300D4B5FC /* sorts.plist */,
			);
			path = PlistData;
			sourceTree = "<group>";
		};
		20DEF5AC1DE0378C00D4B5FC /* extension */ = {
			isa = PBXGroup;
			children = (
				20DEF5AD1DE0378C00D4B5FC /* UIView+AutoLayout.h */,
				20DEF5AE1DE0378C00D4B5FC /* UIView+AutoLayout.m */,
				51BB640F1DE89C3700D9DDD8 /* UILabel+Height.h */,
				51BB64101DE89C3700D9DDD8 /* UILabel+Height.m */,
			);
			path = extension;
			sourceTree = "<group>";
		};
		20DEF5B31DE08FA800D4B5FC /* DPapi */ = {
			isa = PBXGroup;
			children = (
				20DEF5B41DE08FA800D4B5FC /* DPAPI.h */,
				20DEF5B51DE08FA800D4B5FC /* DPAPI.m */,
				20DEF5B61DE08FA800D4B5FC /* DPConstants.h */,
				20DEF5B71DE08FA800D4B5FC /* DPRequest.h */,
				20DEF5B81DE08FA800D4B5FC /* DPRequest.m */,
			);
			path = DPapi;
			sourceTree = "<group>";
		};
		20EAD02B1DE2B32000E29EF5 /* Third */ = {
			isa = PBXGroup;
			children = (
				20DEF5AC1DE0378C00D4B5FC /* extension */,
				20DEF5B31DE08FA800D4B5FC /* DPapi */,
			);
			name = Third;
			sourceTree = "<group>";
		};
		20EAD02C1DE2B36F00E29EF5 /* cityItem */ = {
			isa = PBXGroup;
			children = (
				20DEF59C1DE00F0500D4B5FC /* AddressPopViewController.h */,
				20DEF59D1DE00F0500D4B5FC /* AddressPopViewController.m */,
				20DEF59E1DE00F0500D4B5FC /* AddressPopViewController.xib */,
				20DEF5A41DE0220500D4B5FC /* ChangeCityViewController.h */,
				20DEF5A51DE0220500D4B5FC /* ChangeCityViewController.m */,
				20DEF5A61DE0220500D4B5FC /* ChangeCityViewController.xib */,
				20DEF5A91DE0340600D4B5FC /* SearchResultController.h */,
				20DEF5AA1DE0340600D4B5FC /* SearchResultController.m */,
			);
			name = cityItem;
			sourceTree = "<group>";
		};
		20EAD02D1DE2B37100E29EF5 /* categoryItem */ = {
			isa = PBXGroup;
			children = (
				20DEF5701DDF7D1600D4B5FC /* TypePopViewController.h */,
				20DEF5711DDF7D1600D4B5FC /* TypePopViewController.m */,
			);
			name = categoryItem;
			sourceTree = "<group>";
		};
		20EAD0301DE2B3E300E29EF5 /* sortItem */ = {
			isa = PBXGroup;
			children = (
				20EAD0311DE2B44100E29EF5 /* SortTableView.h */,
				20EAD0321DE2B44100E29EF5 /* SortTableView.m */,
			);
			name = sortItem;
			sourceTree = "<group>";
		};
		4D7BD004916D16566A3603F9 /* Pods */ = {
			isa = PBXGroup;
			children = (
				C9D420652FF15EBD9DA00848 /* Pods-GroupPurchaseApp.debug.xcconfig */,
				F69067418BAAF58AD2D0579A /* Pods-GroupPurchaseApp.release.xcconfig */,
			);
			name = Pods;
			sourceTree = "<group>";
		};
		51BB640D1DE8645600D9DDD8 /* firstView */ = {
			isa = PBXGroup;
			children = (
				20DEF5991DDF8E6600D4B5FC /* TypeModel.h */,
				20DEF59A1DDF8E6600D4B5FC /* TypeModel.m */,
				20DEF5A11DE013D700D4B5FC /* CityGroupsModel.h */,
				20DEF5A21DE013D700D4B5FC /* CityGroupsModel.m */,
				20DEF5B01DE042BB00D4B5FC /* CitiesModel.h */,
				20DEF5B11DE042BB00D4B5FC /* CitiesModel.m */,
				20DEF5BB1DE0C07A00D4B5FC /* CommodityInformationData.h */,
				20DEF5BC1DE0C07A00D4B5FC /* CommodityInformationData.m */,
				20EAD0341DE2B48400E29EF5 /* SortModel.h */,
				20EAD0351DE2B48400E29EF5 /* SortModel.m */,
			);
			name = firstView;
			sourceTree = "<group>";
		};
		51BB64311DE9F5EF00D9DDD8 /* meView */ = {
			isa = PBXGroup;
			children = (
				51BB64321DE9F62D00D9DDD8 /* MeViewController.h */,
				51BB64331DE9F62D00D9DDD8 /* MeViewController.m */,
			);
			name = meView;
			sourceTree = "<group>";
		};
/* End PBXGroup section */

/* Begin PBXNativeTarget section */
		20DEF5341DDF49D900D4B5FC /* GroupPurchaseApp */ = {
			isa = PBXNativeTarget;
			buildConfigurationList = 20DEF54C1DDF49D900D4B5FC /* Build configuration list for PBXNativeTarget "GroupPurchaseApp" */;
			buildPhases = (
				D28F2A0FD6BE099E123E868C /* [CP] Check Pods Manifest.lock */,
				20DEF5311DDF49D900D4B5FC /* Sources */,
				20DEF5321DDF49D900D4B5FC /* Frameworks */,
				20DEF5331DDF49D900D4B5FC /* Resources */,
				4ABC7F6FFAACE48AF1ED9CA6 /* [CP] Embed Pods Frameworks */,
				A8DC46C7AAC63B8DD78D21D8 /* [CP] Copy Pods Resources */,
			);
			buildRules = (
			);
			dependencies = (
			);
			name = GroupPurchaseApp;
			productName = GroupPurchaseApp;
			productReference = 20DEF5351DDF49D900D4B5FC /* GroupPurchaseApp.app */;
			productType = "com.apple.product-type.application";
		};
/* End PBXNativeTarget section */

/* Begin PBXProject section */
		20DEF52D1DDF49D900D4B5FC /* Project object */ = {
			isa = PBXProject;
			attributes = {
				LastUpgradeCheck = 0810;
				ORGANIZATIONNAME = "Mosin Nagant";
				TargetAttributes = {
					20DEF5341DDF49D900D4B5FC = {
						CreatedOnToolsVersion = 8.1;
						DevelopmentTeam = 2XPYSMUD27;
						ProvisioningStyle = Automatic;
					};
				};
			};
			buildConfigurationList = 20DEF5301DDF49D900D4B5FC /* Build configuration list for PBXProject "GroupPurchaseApp" */;
			compatibilityVersion = "Xcode 3.2";
			developmentRegion = English;
			hasScannedForEncodings = 0;
			knownRegions = (
				en,
				Base,
			);
			mainGroup = 20DEF52C1DDF49D900D4B5FC;
			productRefGroup = 20DEF5361DDF49D900D4B5FC /* Products */;
			projectDirPath = "";
			projectRoot = "";
			targets = (
				20DEF5341DDF49D900D4B5FC /* GroupPurchaseApp */,
			);
		};
/* End PBXProject section */

/* Begin PBXResourcesBuildPhase section */
		20DEF5331DDF49D900D4B5FC /* Resources */ = {
			isa = PBXResourcesBuildPhase;
			buildActionMask = 2147483647;
			files = (
				209181AC1DE5C6E500D0D27F /* MainCateoryCollectionViewCell.xib in Resources */,
				20DEF5891DDF7D8300D4B5FC /* sorts.plist in Resources */,
				20DEF5C21DE1A71500D4B5FC /* CommidityCollectionViewCell.xib in Resources */,
				20DEF57E1DDF7D1600D4B5FC /* MainBarButtonItem.xib in Resources */,
				20DEF5A01DE00F0500D4B5FC /* AddressPopViewController.xib in Resources */,
				20DEF5881DDF7D8300D4B5FC /* cityGroups.plist in Resources */,
				20DEF5871DDF7D8300D4B5FC /* cities.plist in Resources */,
				20DEF5861DDF7D8300D4B5FC /* categories.plist in Resources */,
				20DEF5981DDF89FB00D4B5FC /* PopModelView.xib in Resources */,
				209181B61DE6001E00D0D27F /* CateoryTableViewCell.xib in Resources */,
				20EAD0291DE2140A00E29EF5 /* CommodityDetailViewController.xib in Resources */,
				20DEF5451DDF49D900D4B5FC /* Assets.xcassets in Resources */,
				20DEF5A81DE0220500D4B5FC /* ChangeCityViewController.xib in Resources */,
			);
			runOnlyForDeploymentPostprocessing = 0;
		};
/* End PBXResourcesBuildPhase section */

/* Begin PBXShellScriptBuildPhase section */
		4ABC7F6FFAACE48AF1ED9CA6 /* [CP] Embed Pods Frameworks */ = {
			isa = PBXShellScriptBuildPhase;
			buildActionMask = 2147483647;
			files = (
			);
			inputPaths = (
			);
			name = "[CP] Embed Pods Frameworks";
			outputPaths = (
			);
			runOnlyForDeploymentPostprocessing = 0;
			shellPath = /bin/sh;
			shellScript = "\"${SRCROOT}/Pods/Target Support Files/Pods-GroupPurchaseApp/Pods-GroupPurchaseApp-frameworks.sh\"\n";
			showEnvVarsInLog = 0;
		};
		A8DC46C7AAC63B8DD78D21D8 /* [CP] Copy Pods Resources */ = {
			isa = PBXShellScriptBuildPhase;
			buildActionMask = 2147483647;
			files = (
			);
			inputPaths = (
			);
			name = "[CP] Copy Pods Resources";
			outputPaths = (
			);
			runOnlyForDeploymentPostprocessing = 0;
			shellPath = /bin/sh;
			shellScript = "\"${SRCROOT}/Pods/Target Support Files/Pods-GroupPurchaseApp/Pods-GroupPurchaseApp-resources.sh\"\n";
			showEnvVarsInLog = 0;
		};
		D28F2A0FD6BE099E123E868C /* [CP] Check Pods Manifest.lock */ = {
			isa = PBXShellScriptBuildPhase;
			buildActionMask = 2147483647;
			files = (
			);
			inputPaths = (
			);
			name = "[CP] Check Pods Manifest.lock";
			outputPaths = (
			);
			runOnlyForDeploymentPostprocessing = 0;
			shellPath = /bin/sh;
			shellScript = "diff \"${PODS_ROOT}/../Podfile.lock\" \"${PODS_ROOT}/Manifest.lock\" > /dev/null\nif [ $? != 0 ] ; then\n    # print error to STDERR\n    echo \"error: The sandbox is not in sync with the Podfile.lock. Run 'pod install' or update your CocoaPods installation.\" >&2\n    exit 1\nfi\n";
			showEnvVarsInLog = 0;
		};
/* End PBXShellScriptBuildPhase section */

/* Begin PBXSourcesBuildPhase section */
		20DEF5311DDF49D900D4B5FC /* Sources */ = {
			isa = PBXSourcesBuildPhase;
			buildActionMask = 2147483647;
			files = (
				51BB64181DE9458100D9DDD8 /* NewsModel.m in Sources */,
				20DEF5B91DE08FA800D4B5FC /* DPAPI.m in Sources */,
				20DEF53D1DDF49D900D4B5FC /* AppDelegate.m in Sources */,
				51BB641B1DE9593A00D9DDD8 /* NewsCell.m in Sources */,
				209181E11DE82EE400D0D27F /* JokeTextCell.m in Sources */,
				209181C31DE71C5F00D0D27F /* AdvertisingColumn.m in Sources */,
				20DEF59F1DE00F0500D4B5FC /* AddressPopViewController.m in Sources */,
				20DEF5BA1DE08FA800D4B5FC /* DPRequest.m in Sources */,
				20EACF7C1DE1EC4400E29EF5 /* LineThrough.m in Sources */,
				209181B01DE5D90100D0D27F /* MainVCViewController.m in Sources */,
				20EAD0281DE2140A00E29EF5 /* CommodityDetailViewController.m in Sources */,
				20EAD0331DE2B44100E29EF5 /* SortTableView.m in Sources */,
				20EAD0361DE2B48400E29EF5 /* SortModel.m in Sources */,
				20DEF5A71DE0220500D4B5FC /* ChangeCityViewController.m in Sources */,
				51BB640C1DE8644E00D9DDD8 /* JokeModel.m in Sources */,
				51BB64111DE89C3700D9DDD8 /* UILabel+Height.m in Sources */,
				20DEF59B1DDF8E6600D4B5FC /* TypeModel.m in Sources */,
				51BB64141DE8A3CA00D9DDD8 /* JokeImageCell.m in Sources */,
				51BB642F1DE9E0DF00D9DDD8 /* HistoryTodayDetailModel.m in Sources */,
				20DEF5B21DE042BB00D4B5FC /* CitiesModel.m in Sources */,
				209181AB1DE5C6E500D0D27F /* MainCateoryCollectionViewCell.m in Sources */,
				20DEF57C1DDF7D1600D4B5FC /* TypePopViewController.m in Sources */,
				51BB64261DE988F800D9DDD8 /* WechatCell.m in Sources */,
				20DEF5BD1DE0C07A00D4B5FC /* CommodityInformationData.m in Sources */,
				20DEF5AF1DE0378C00D4B5FC /* UIView+AutoLayout.m in Sources */,
				207F42B21DE56C04001A15DF /* FirstLuanchViewController.m in Sources */,
				20DEF53A1DDF49D900D4B5FC /* main.m in Sources */,
				209181D71DE7FFA900D0D27F /* NewsViewController.m in Sources */,
				20DEF57A1DDF7D1600D4B5FC /* MainNavigationController.m in Sources */,
				209181B51DE6001E00D0D27F /* CateoryTableViewCell.m in Sources */,
				51BB64341DE9F62D00D9DDD8 /* MeViewController.m in Sources */,
				51BB64371DE9F9D000D9DDD8 /* RootViewController.m in Sources */,
				20DEF5C11DE1A71500D4B5FC /* CommidityCollectionViewCell.m in Sources */,
				51BB64291DE996D600D9DDD8 /* HistoryTodayModel.m in Sources */,
				20DEF5A31DE013D700D4B5FC /* CityGroupsModel.m in Sources */,
				51BB64231DE9852100D9DDD8 /* WechatModel.m in Sources */,
				20DEF5AB1DE0340600D4B5FC /* SearchResultController.m in Sources */,
				51BB642C1DE9DAC500D9DDD8 /* HistoryTodayDetailViewController.m in Sources */,
				51BB64201DE9830700D9DDD8 /* WebViewController.m in Sources */,
				209181BA1DE609F600D0D27F /* NetApiAndData.m in Sources */,
				20DEF5971DDF89FB00D4B5FC /* PopModelView.m in Sources */,
				209181BD1DE6EDDA00D0D27F /* WebDetailViewController.m in Sources */,
				20DEF57D1DDF7D1600D4B5FC /* MainBarButtonItem.m in Sources */,
			);
			runOnlyForDeploymentPostprocessing = 0;
		};
/* End PBXSourcesBuildPhase section */

/* Begin XCBuildConfiguration section */
		20DEF54A1DDF49D900D4B5FC /* Debug */ = {
			isa = XCBuildConfiguration;
			buildSettings = {
				ALWAYS_SEARCH_USER_PATHS = NO;
				CLANG_ANALYZER_NONNULL = YES;
				CLANG_CXX_LANGUAGE_STANDARD = "gnu++0x";
				CLANG_CXX_LIBRARY = "libc++";
				CLANG_ENABLE_MODULES = YES;
				CLANG_ENABLE_OBJC_ARC = YES;
				CLANG_WARN_BOOL_CONVERSION = YES;
				CLANG_WARN_CONSTANT_CONVERSION = YES;
				CLANG_WARN_DIRECT_OBJC_ISA_USAGE = YES_ERROR;
				CLANG_WARN_DOCUMENTATION_COMMENTS = YES;
				CLANG_WARN_EMPTY_BODY = YES;
				CLANG_WARN_ENUM_CONVERSION = YES;
				CLANG_WARN_INFINITE_RECURSION = YES;
				CLANG_WARN_INT_CONVERSION = YES;
				CLANG_WARN_OBJC_ROOT_CLASS = YES_ERROR;
				CLANG_WARN_SUSPICIOUS_MOVE = YES;
				CLANG_WARN_SUSPICIOUS_MOVES = YES;
				CLANG_WARN_UNREACHABLE_CODE = YES;
				CLANG_WARN__DUPLICATE_METHOD_MATCH = YES;
				"CODE_SIGN_IDENTITY[sdk=iphoneos*]" = "iPhone Developer";
				COPY_PHASE_STRIP = NO;
				DEBUG_INFORMATION_FORMAT = dwarf;
				ENABLE_STRICT_OBJC_MSGSEND = YES;
				ENABLE_TESTABILITY = YES;
				GCC_C_LANGUAGE_STANDARD = gnu99;
				GCC_DYNAMIC_NO_PIC = NO;
				GCC_NO_COMMON_BLOCKS = YES;
				GCC_OPTIMIZATION_LEVEL = 0;
				GCC_PREPROCESSOR_DEFINITIONS = (
					"DEBUG=1",
					"$(inherited)",
				);
				GCC_WARN_64_TO_32_BIT_CONVERSION = YES;
				GCC_WARN_ABOUT_RETURN_TYPE = YES_ERROR;
				GCC_WARN_UNDECLARED_SELECTOR = YES;
				GCC_WARN_UNINITIALIZED_AUTOS = YES_AGGRESSIVE;
				GCC_WARN_UNUSED_FUNCTION = YES;
				GCC_WARN_UNUSED_VARIABLE = YES;
				IPHONEOS_DEPLOYMENT_TARGET = 10.1;
				MTL_ENABLE_DEBUG_INFO = YES;
				ONLY_ACTIVE_ARCH = YES;
				SDKROOT = iphoneos;
				TARGETED_DEVICE_FAMILY = 2;
			};
			name = Debug;
		};
		20DEF54B1DDF49D900D4B5FC /* Release */ = {
			isa = XCBuildConfiguration;
			buildSettings = {
				ALWAYS_SEARCH_USER_PATHS = NO;
				CLANG_ANALYZER_NONNULL = YES;
				CLANG_CXX_LANGUAGE_STANDARD = "gnu++0x";
				CLANG_CXX_LIBRARY = "libc++";
				CLANG_ENABLE_MODULES = YES;
				CLANG_ENABLE_OBJC_ARC = YES;
				CLANG_WARN_BOOL_CONVERSION = YES;
				CLANG_WARN_CONSTANT_CONVERSION = YES;
				CLANG_WARN_DIRECT_OBJC_ISA_USAGE = YES_ERROR;
				CLANG_WARN_DOCUMENTATION_COMMENTS = YES;
				CLANG_WARN_EMPTY_BODY = YES;
				CLANG_WARN_ENUM_CONVERSION = YES;
				CLANG_WARN_INFINITE_RECURSION = YES;
				CLANG_WARN_INT_CONVERSION = YES;
				CLANG_WARN_OBJC_ROOT_CLASS = YES_ERROR;
				CLANG_WARN_SUSPICIOUS_MOVE = YES;
				CLANG_WARN_SUSPICIOUS_MOVES = YES;
				CLANG_WARN_UNREACHABLE_CODE = YES;
				CLANG_WARN__DUPLICATE_METHOD_MATCH = YES;
				"CODE_SIGN_IDENTITY[sdk=iphoneos*]" = "iPhone Developer";
				COPY_PHASE_STRIP = NO;
				DEBUG_INFORMATION_FORMAT = "dwarf-with-dsym";
				ENABLE_NS_ASSERTIONS = NO;
				ENABLE_STRICT_OBJC_MSGSEND = YES;
				GCC_C_LANGUAGE_STANDARD = gnu99;
				GCC_NO_COMMON_BLOCKS = YES;
				GCC_WARN_64_TO_32_BIT_CONVERSION = YES;
				GCC_WARN_ABOUT_RETURN_TYPE = YES_ERROR;
				GCC_WARN_UNDECLARED_SELECTOR = YES;
				GCC_WARN_UNINITIALIZED_AUTOS = YES_AGGRESSIVE;
				GCC_WARN_UNUSED_FUNCTION = YES;
				GCC_WARN_UNUSED_VARIABLE = YES;
				IPHONEOS_DEPLOYMENT_TARGET = 10.1;
				MTL_ENABLE_DEBUG_INFO = NO;
				SDKROOT = iphoneos;
				TARGETED_DEVICE_FAMILY = 2;
				VALIDATE_PRODUCT = YES;
			};
			name = Release;
		};
		20DEF54D1DDF49D900D4B5FC /* Debug */ = {
			isa = XCBuildConfiguration;
			baseConfigurationReference = C9D420652FF15EBD9DA00848 /* Pods-GroupPurchaseApp.debug.xcconfig */;
			buildSettings = {
				ASSETCATALOG_COMPILER_APPICON_NAME = AppIcon;
				DEVELOPMENT_TEAM = 2XPYSMUD27;
				GCC_PRECOMPILE_PREFIX_HEADER = NO;
				GCC_PREFIX_HEADER = "";
				INFOPLIST_FILE = GroupPurchaseApp/Info.plist;
				LD_RUNPATH_SEARCH_PATHS = "$(inherited) @executable_path/Frameworks";
				PRODUCT_BUNDLE_IDENTIFIER = com.apress.GroupPurchaseApp;
				PRODUCT_NAME = "$(TARGET_NAME)";
				TARGETED_DEVICE_FAMILY = 1;
			};
			name = Debug;
		};
		20DEF54E1DDF49D900D4B5FC /* Release */ = {
			isa = XCBuildConfiguration;
			baseConfigurationReference = F69067418BAAF58AD2D0579A /* Pods-GroupPurchaseApp.release.xcconfig */;
			buildSettings = {
				ASSETCATALOG_COMPILER_APPICON_NAME = AppIcon;
				DEVELOPMENT_TEAM = 2XPYSMUD27;
				GCC_PRECOMPILE_PREFIX_HEADER = NO;
				GCC_PREFIX_HEADER = "";
				INFOPLIST_FILE = GroupPurchaseApp/Info.plist;
				LD_RUNPATH_SEARCH_PATHS = "$(inherited) @executable_path/Frameworks";
				PRODUCT_BUNDLE_IDENTIFIER = com.apress.GroupPurchaseApp;
				PRODUCT_NAME = "$(TARGET_NAME)";
				TARGETED_DEVICE_FAMILY = 1;
			};
			name = Release;
		};
/* End XCBuildConfiguration section */

/* Begin XCConfigurationList section */
		20DEF5301DDF49D900D4B5FC /* Build configuration list for PBXProject "GroupPurchaseApp" */ = {
			isa = XCConfigurationList;
			buildConfigurations = (
				20DEF54A1DDF49D900D4B5FC /* Debug */,
				20DEF54B1DDF49D900D4B5FC /* Release */,
			);
			defaultConfigurationIsVisible = 0;
			defaultConfigurationName = Release;
		};
		20DEF54C1DDF49D900D4B5FC /* Build configuration list for PBXNativeTarget "GroupPurchaseApp" */ = {
			isa = XCConfigurationList;
			buildConfigurations = (
				20DEF54D1DDF49D900D4B5FC /* Debug */,
				20DEF54E1DDF49D900D4B5FC /* Release */,
			);
			defaultConfigurationIsVisible = 0;
			defaultConfigurationName = Release;
		};
/* End XCConfigurationList section */
	};
	rootObject = 20DEF52D1DDF49D900D4B5FC /* Project object */;
}
